
Microsoft Visual Studio Solution File, Format Version 12.00
# Visual Studio Version 16
VisualStudioVersion = 16.0.31205.134
MinimumVisualStudioVersion = 10.0.40219.1
Project("{8BC9CEB8-8B4A-11D0-8D11-00A0C91BC942}") = "Test", "Test\Test.vcxproj", "{D2C65E01-EE22-4DCB-969B-BA3ACDDB6CAA}"
EndProject
Global
	GlobalSection(SolutionConfigurationPlatforms) = preSolution
		Debug|ARM = Debug|ARM
		Debug|ARM64 = Debug|ARM64
		Debug|x64 = Debug|x64
		Debug|x86 = Debug|x86
		Release|ARM = Release|ARM
		Release|ARM64 = Release|ARM64
		Release|x64 = Release|x64
		Release|x86 = Release|x86
	EndGlobalSection
	GlobalSection(ProjectConfigurationPlatforms) = postSolution
		{D2C65E01-EE22-4DCB-969B-BA3ACDDB6CAA}.Debug|ARM.ActiveCfg = Debug|ARM
		{D2C65E01-EE22-4DCB-969B-BA3ACDDB6CAA}.Debug|ARM.Build.0 = Debug|ARM
		{D2C65E01-EE22-4DCB-969B-BA3ACDDB6CAA}.Debug|ARM.Deploy.0 = Debug|ARM
		{D2C65E01-EE22-4DCB-969B-BA3ACDDB6CAA}.Debug|ARM64.ActiveCfg = Debug|ARM64
		{D2C65E01-EE22-4DCB-969B-BA3ACDDB6CAA}.Debug|ARM64.Build.0 = Debug|ARM64
		{D2C65E01-EE22-4DCB-969B-BA3ACDDB6CAA}.Debug|ARM64.Deploy.0 = Debug|ARM64
		{D2C65E01-EE22-4DCB-969B-BA3ACDDB6CAA}.Debug|x64.ActiveCfg = Debug|x64
		{D2C65E01-EE22-4DCB-969B-BA3ACDDB6CAA}.Debug|x64.Build.0 = Debug|x64
		{D2C65E01-EE22-4DCB-969B-BA3ACDDB6CAA}.Debug|x64.Deploy.0 = Debug|x64
		{D2C65E01-EE22-4DCB-969B-BA3ACDDB6CAA}.Debug|x86.ActiveCfg = Debug|x86
		{D2C65E01-EE22-4DCB-969B-BA3ACDDB6CAA}.Debug|x86.Build.0 = Debug|x86
		{D2C65E01-EE22-4DCB-969B-BA3ACDDB6CAA}.Debug|x86.Deploy.0 = Debug|x86
		{D2C65E01-EE22-4DCB-969B-BA3ACDDB6CAA}.Release|ARM.ActiveCfg = Release|ARM
		{D2C65E01-EE22-4DCB-969B-BA3ACDDB6CAA}.Release|ARM.Build.0 = Release|ARM
		{D2C65E01-EE22-4DCB-969B-BA3ACDDB6CAA}.Release|ARM.Deploy.0 = Release|ARM
		{D2C65E01-EE22-4DCB-969B-BA3ACDDB6CAA}.Release|ARM64.ActiveCfg = Release|ARM64
		{D2C65E01-EE22-4DCB-969B-BA3ACDDB6CAA}.Release|ARM64.Build.0 = Release|ARM64
		{D2C65E01-EE22-4DCB-969B-BA3ACDDB6CAA}.Release|ARM64.Deploy.0 = Release|ARM64
		{D2C65E01-EE22-4DCB-969B-BA3ACDDB6CAA}.Release|x64.ActiveCfg = Release|x64
		{D2C65E01-EE22-4DCB-969B-BA3ACDDB6CAA}.Release|x64.Build.0 = Release|x64
		{D2C65E01-EE22-4DCB-969B-BA3ACDDB6CAA}.Release|x64.Deploy.0 = Release|x64
		{D2C65E01-EE22-4DCB-969B-BA3ACDDB6CAA}.Release|x86.ActiveCfg = Release|x86
		{D2C65E01-EE22-4DCB-969B-BA3ACDDB6CAA}.Release|x86.Build.0 = Release|x86
		{D2C65E01-EE22-4DCB-969B-BA3ACDDB6CAA}.Release|x86.Deploy.0 = Release|x86
	EndGlobalSection
	GlobalSection(SolutionProperties) = preSolution
		HideSolutionNode = FALSE
	EndGlobalSection
	GlobalSection(ExtensibilityGlobals) = postSolution
		SolutionGuid = {69353FC2-3D13-4F32-9FF8-BF966220514A}
	EndGlobalSection
EndGlobal
